
Microsoft Visual Studio Solution File, Format Version 12.00
# Visual Studio 15
VisualStudioVersion = 15.0.28010.2050
MinimumVisualStudioVersion = 10.0.40219.1
Project("{FAE04EC0-301F-11D3-BF4B-00C04F79EFBC}") = "CoreWebApp", "CoreWebApp\CoreWebApp.csproj", "{BE829C9B-6FCC-4D89-8BA1-6AA15CC3CFA1}"
EndProject
Global
	GlobalSection(SolutionConfigurationPlatforms) = preSolution
		Debug|Any CPU = Debug|Any CPU
		Release|Any CPU = Release|Any CPU
	EndGlobalSection
	GlobalSection(ProjectConfigurationPlatforms) = postSolution
		{BE829C9B-6FCC-4D89-8BA1-6AA15CC3CFA1}.Debug|Any CPU.ActiveCfg = Debug|Any CPU
		{BE829C9B-6FCC-4D89-8BA1-6AA15CC3CFA1}.Debug|Any CPU.Build.0 = Debug|Any CPU
		{BE829C9B-6FCC-4D89-8BA1-6AA15CC3CFA1}.Release|Any CPU.ActiveCfg = Release|Any CPU
		{BE829C9B-6FCC-4D89-8BA1-6AA15CC3CFA1}.Release|Any CPU.Build.0 = Release|Any CPU
	EndGlobalSection
	GlobalSection(SolutionProperties) = preSolution
		HideSolutionNode = FALSE
	EndGlobalSection
	GlobalSection(ExtensibilityGlobals) = postSolution
		SolutionGuid = {D3138C0D-1469-4ED2-AF52-C7BC6B137CF0}
	EndGlobalSection
EndGlobal
